
Microsoft Visual Studio Solution File, Format Version 12.00
# Visual Studio Version 17
VisualStudioVersion = 17.1.32228.430
MinimumVisualStudioVersion = 10.0.40219.1
Project("{FAE04EC0-301F-11D3-BF4B-00C04F79EFBC}") = "string methods", "string methods\string methods.csproj", "{9C1FEE90-2A22-456C-908B-FF9965719E73}"
EndProject
Global
	GlobalSection(SolutionConfigurationPlatforms) = preSolution
		Debug|Any CPU = Debug|Any CPU
		Release|Any CPU = Release|Any CPU
	EndGlobalSection
	GlobalSection(ProjectConfigurationPlatforms) = postSolution
		{9C1FEE90-2A22-456C-908B-FF9965719E73}.Debug|Any CPU.ActiveCfg = Debug|Any CPU
		{9C1FEE90-2A22-456C-908B-FF9965719E73}.Debug|Any CPU.Build.0 = Debug|Any CPU
		{9C1FEE90-2A22-456C-908B-FF9965719E73}.Release|Any CPU.ActiveCfg = Release|Any CPU
		{9C1FEE90-2A22-456C-908B-FF9965719E73}.Release|Any CPU.Build.0 = Release|Any CPU
	EndGlobalSection
	GlobalSection(SolutionProperties) = preSolution
		HideSolutionNode = FALSE
	EndGlobalSection
	GlobalSection(ExtensibilityGlobals) = postSolution
		SolutionGuid = {83890816-B0EC-4668-BADF-B7A6A7BA1B08}
	EndGlobalSection
EndGlobal
